
Microsoft Visual Studio Solution File, Format Version 12.00
# Visual Studio Version 16
VisualStudioVersion = 16.0.31402.337
MinimumVisualStudioVersion = 10.0.40219.1
Project("{2150E333-8FDC-42A3-9474-1A3956D46DE8}") = "Services", "Services", "{360895B1-4DCF-47F2-B123-A6B9D7309047}"
EndProject
Project("{2150E333-8FDC-42A3-9474-1A3956D46DE8}") = "Catalog", "Catalog", "{96AAAE3D-442C-4763-A797-D987008D526B}"
EndProject
Project("{9A19103F-16F7-4668-BE54-9A1E7A4F7556}") = "FreeCourse.Services.Catalog", "Services\Catalog\FreeCourse.Services.Catalog\FreeCourse.Services.Catalog.csproj", "{FB5CA673-37C7-4A19-93F6-7CA81942EFB5}"
EndProject
Project("{2150E333-8FDC-42A3-9474-1A3956D46DE8}") = "Solution Items", "Solution Items", "{572F00A0-8627-43B6-8984-96E6A0BF3213}"
	ProjectSection(SolutionItems) = preProject
		Ports.txt = Ports.txt
	EndProjectSection
EndProject
Project("{2150E333-8FDC-42A3-9474-1A3956D46DE8}") = "Shared", "Shared", "{A999390B-58C1-4A53-8BB8-42B531DD435E}"
EndProject
Project("{9A19103F-16F7-4668-BE54-9A1E7A4F7556}") = "FreeCourse.Shared", "Shared\FreeCourse.Shared\FreeCourse.Shared.csproj", "{A193FC78-C778-48F7-A4F7-1B3686CF5FAF}"
EndProject
Project("{2150E333-8FDC-42A3-9474-1A3956D46DE8}") = "IdentityServer", "IdentityServer", "{BAC8D6E7-544E-49F0-98BE-DABE3B8E81E5}"
EndProject
Project("{9A19103F-16F7-4668-BE54-9A1E7A4F7556}") = "FreeCourse.IdentityServer", "IdentityServer\FreeCourse.IdentityServer\FreeCourse.IdentityServer.csproj", "{DC55712B-E7A5-4C37-B864-B7919CFC0FD2}"
EndProject
Global
	GlobalSection(SolutionConfigurationPlatforms) = preSolution
		Debug|Any CPU = Debug|Any CPU
		Release|Any CPU = Release|Any CPU
	EndGlobalSection
	GlobalSection(ProjectConfigurationPlatforms) = postSolution
		{FB5CA673-37C7-4A19-93F6-7CA81942EFB5}.Debug|Any CPU.ActiveCfg = Debug|Any CPU
		{FB5CA673-37C7-4A19-93F6-7CA81942EFB5}.Debug|Any CPU.Build.0 = Debug|Any CPU
		{FB5CA673-37C7-4A19-93F6-7CA81942EFB5}.Release|Any CPU.ActiveCfg = Release|Any CPU
		{FB5CA673-37C7-4A19-93F6-7CA81942EFB5}.Release|Any CPU.Build.0 = Release|Any CPU
		{A193FC78-C778-48F7-A4F7-1B3686CF5FAF}.Debug|Any CPU.ActiveCfg = Debug|Any CPU
		{A193FC78-C778-48F7-A4F7-1B3686CF5FAF}.Debug|Any CPU.Build.0 = Debug|Any CPU
		{A193FC78-C778-48F7-A4F7-1B3686CF5FAF}.Release|Any CPU.ActiveCfg = Release|Any CPU
		{A193FC78-C778-48F7-A4F7-1B3686CF5FAF}.Release|Any CPU.Build.0 = Release|Any CPU
		{DC55712B-E7A5-4C37-B864-B7919CFC0FD2}.Debug|Any CPU.ActiveCfg = Debug|Any CPU
		{DC55712B-E7A5-4C37-B864-B7919CFC0FD2}.Debug|Any CPU.Build.0 = Debug|Any CPU
		{DC55712B-E7A5-4C37-B864-B7919CFC0FD2}.Release|Any CPU.ActiveCfg = Release|Any CPU
		{DC55712B-E7A5-4C37-B864-B7919CFC0FD2}.Release|Any CPU.Build.0 = Release|Any CPU
	EndGlobalSection
	GlobalSection(SolutionProperties) = preSolution
		HideSolutionNode = FALSE
	EndGlobalSection
	GlobalSection(NestedProjects) = preSolution
		{96AAAE3D-442C-4763-A797-D987008D526B} = {360895B1-4DCF-47F2-B123-A6B9D7309047}
		{FB5CA673-37C7-4A19-93F6-7CA81942EFB5} = {96AAAE3D-442C-4763-A797-D987008D526B}
		{A193FC78-C778-48F7-A4F7-1B3686CF5FAF} = {A999390B-58C1-4A53-8BB8-42B531DD435E}
		{DC55712B-E7A5-4C37-B864-B7919CFC0FD2} = {BAC8D6E7-544E-49F0-98BE-DABE3B8E81E5}
	EndGlobalSection
	GlobalSection(ExtensibilityGlobals) = postSolution
		SolutionGuid = {95EE358A-9616-4847-B6E1-CEA1B5C5FA8B}
	EndGlobalSection
EndGlobal
